<?xml version="1.0" encoding="utf-8"?>
<Project ToolsVersion="4.0" xmlns="http://schemas.microsoft.com/developer/msbuild/2003">
  <ItemGroup>
    <ClCompile Include="App\app.cpp">
      <Filter>NextAPI</Filter>
    </ClCompile>
    <ClCompile Include="App\main.cpp">
      <Filter>NextAPI</Filter>
    </ClCompile>
    <ClCompile Include="App\SimpleController.cpp">
      <Filter>NextAPI</Filter>
    </ClCompile>
    <ClCompile Include="App\SimpleSound.cpp">
      <Filter>NextAPI</Filter>
    </ClCompile>
    <ClCompile Include="App\SimpleSprite.cpp">
      <Filter>NextAPI</Filter>
    </ClCompile>
    <ClCompile Include="stb_image\stb_image.cpp">
      <Filter>NextAPI\stb_image</Filter>
    </ClCompile>
    <ClCompile Include="NextGame.cpp">
      <Filter>Game</Filter>
    </ClCompile>
    <ClCompile Include="stdafx.cpp">
      <Filter>Precompilation</Filter>
    </ClCompile>
    <ClCompile Include="float3.cpp">
      <Filter>Game\Math</Filter>
    </ClCompile>
    <ClCompile Include="Triangle.cpp">
      <Filter>Game\Rendering</Filter>
    </ClCompile>
    <ClCompile Include="float4x4.cpp">
      <Filter>Game\Math</Filter>
    </ClCompile>
    <ClCompile Include="Component.cpp">
      <Filter>Game\Hierarchy</Filter>
    </ClCompile>
    <ClCompile Include="Entity.cpp">
      <Filter>Game\Hierarchy</Filter>
    </ClCompile>
    <ClCompile Include="Scene.cpp">
      <Filter>Game\Hierarchy</Filter>
    </ClCompile>
    <ClCompile Include="Utils.cpp">
      <Filter>Game\Utilities</Filter>
    </ClCompile>
    <ClCompile Include="MeshFilter.cpp">
      <Filter>Game\Meshes</Filter>
    </ClCompile>
    <ClCompile Include="CubeMesh.cpp">
      <Filter>Game\Meshes</Filter>
    </ClCompile>
    <ClCompile Include="PlaneMesh.cpp">
      <Filter>Game\Meshes</Filter>
    </ClCompile>
    <ClCompile Include="Camera.cpp">
      <Filter>Game\Rendering</Filter>
    </ClCompile>
    <ClCompile Include="CameraController.cpp">
      <Filter>Game\Game Elements</Filter>
    </ClCompile>
    <ClCompile Include="Prefabs.cpp">
      <Filter>Game\Game Elements</Filter>
    </ClCompile>
    <ClCompile Include="Renderable.cpp">
      <Filter>Game\Rendering</Filter>
    </ClCompile>
    <ClCompile Include="Renderer.cpp">
      <Filter>Game\Rendering</Filter>
    </ClCompile>
    <ClCompile Include="CollisionManager.cpp">
      <Filter>Game\Collisions</Filter>
    </ClCompile>
    <ClCompile Include="BoxCollider.cpp">
      <Filter>Game\Collisions</Filter>
    </ClCompile>
    <ClCompile Include="SphereCollider.cpp">
      <Filter>Game\Collisions</Filter>
    </ClCompile>
    <ClCompile Include="Time.cpp">
      <Filter>Game\Utilities</Filter>
    </ClCompile>
    <ClCompile Include="PlayerController.cpp">
      <Filter>Game\Game Elements</Filter>
    </ClCompile>
    <ClCompile Include="Wall.cpp">
      <Filter>Game\Game Elements</Filter>
    </ClCompile>
    <ClCompile Include="Collider.cpp">
      <Filter>Game\Collisions</Filter>
    </ClCompile>
    <ClCompile Include="Enemy.cpp">
      <Filter>Game\Game Elements</Filter>
    </ClCompile>
  </ItemGroup>
  <ItemGroup>
    <ClInclude Include="App\app.h">
      <Filter>NextAPI</Filter>
    </ClInclude>
    <ClInclude Include="App\AppSettings.h">
      <Filter>NextAPI</Filter>
    </ClInclude>
    <ClInclude Include="App\main.h">
      <Filter>NextAPI</Filter>
    </ClInclude>
    <ClInclude Include="App\SimpleController.h">
      <Filter>NextAPI</Filter>
    </ClInclude>
    <ClInclude Include="App\SimpleSound.h">
      <Filter>NextAPI</Filter>
    </ClInclude>
    <ClInclude Include="App\SimpleSprite.h">
      <Filter>NextAPI</Filter>
    </ClInclude>
    <ClInclude Include="targetver.h">
      <Filter>NextAPI</Filter>
    </ClInclude>
    <ClInclude Include="stb_image\stb_image.h">
      <Filter>NextAPI\stb_image</Filter>
    </ClInclude>
    <ClInclude Include="stdafx.h">
      <Filter>Precompilation</Filter>
    </ClInclude>
    <ClInclude Include="float3.h">
      <Filter>Game\Math</Filter>
    </ClInclude>
    <ClInclude Include="Triangle.h">
      <Filter>Game\Rendering</Filter>
    </ClInclude>
    <ClInclude Include="float4x4.h">
      <Filter>Game\Math</Filter>
    </ClInclude>
    <ClInclude Include="Component.h">
      <Filter>Game\Hierarchy</Filter>
    </ClInclude>
    <ClInclude Include="Entity.h">
      <Filter>Game\Hierarchy</Filter>
    </ClInclude>
    <ClInclude Include="Scene.h">
      <Filter>Game\Hierarchy</Filter>
    </ClInclude>
    <ClInclude Include="Utils.h">
      <Filter>Game\Utilities</Filter>
    </ClInclude>
    <ClInclude Include="MeshFilter.h">
      <Filter>Game\Meshes</Filter>
    </ClInclude>
    <ClInclude Include="Mesh.h">
      <Filter>Game\Meshes</Filter>
    </ClInclude>
    <ClInclude Include="CubeMesh.h">
      <Filter>Game\Meshes</Filter>
    </ClInclude>
    <ClInclude Include="PlaneMesh.h">
      <Filter>Game\Meshes</Filter>
    </ClInclude>
    <ClInclude Include="Camera.h">
      <Filter>Game\Rendering</Filter>
    </ClInclude>
    <ClInclude Include="CameraController.h">
      <Filter>Game\Game Elements</Filter>
    </ClInclude>
    <ClInclude Include="Prefabs.h">
      <Filter>Game\Game Elements</Filter>
    </ClInclude>
    <ClInclude Include="Shaders.h">
      <Filter>Game\Game Elements</Filter>
    </ClInclude>
    <ClInclude Include="Renderable.h">
      <Filter>Game\Rendering</Filter>
    </ClInclude>
    <ClInclude Include="Renderer.h">
      <Filter>Game\Rendering</Filter>
    </ClInclude>
    <ClInclude Include="Time.h">
      <Filter>Game\Utilities</Filter>
    </ClInclude>
    <ClInclude Include="Transform.h">
      <Filter>Game\Utilities</Filter>
    </ClInclude>
    <ClInclude Include="CollisionManager.h">
      <Filter>Game\Collisions</Filter>
    </ClInclude>
    <ClInclude Include="BoxCollider.h">
      <Filter>Game\Collisions</Filter>
    </ClInclude>
    <ClInclude Include="Collider.h">
      <Filter>Game\Collisions</Filter>
    </ClInclude>
    <ClInclude Include="SphereCollider.h">
      <Filter>Game\Collisions</Filter>
    </ClInclude>
    <ClInclude Include="PlayerController.h">
      <Filter>Game\Game Elements</Filter>
    </ClInclude>
    <ClInclude Include="Wall.h">
      <Filter>Game\Game Elements</Filter>
    </ClInclude>
    <ClInclude Include="Enemy.h">
      <Filter>Game\Game Elements</Filter>
    </ClInclude>
  </ItemGroup>
  <ItemGroup>
    <Filter Include="NextAPI">
      <UniqueIdentifier>{f318918d-bb9f-4402-ae1c-4f72186d16f6}</UniqueIdentifier>
    </Filter>
    <Filter Include="Resource Files">
      <UniqueIdentifier>{4f1cbbe0-8724-4db2-9496-369c9446a569}</UniqueIdentifier>
    </Filter>
    <Filter Include="Precompilation">
      <UniqueIdentifier>{20b2c6b3-6917-423d-b81e-23d38b7b248e}</UniqueIdentifier>
    </Filter>
    <Filter Include="NextAPI\stb_image">
      <UniqueIdentifier>{61cfc19b-c57e-4021-b530-bac172fcba86}</UniqueIdentifier>
    </Filter>
    <Filter Include="Game">
      <UniqueIdentifier>{a51b746f-5fdc-44ef-b279-90333a6c0a74}</UniqueIdentifier>
    </Filter>
    <Filter Include="Game\Math">
      <UniqueIdentifier>{d4062325-63f0-4e19-a65a-686d7ef806c5}</UniqueIdentifier>
    </Filter>
    <Filter Include="Game\Meshes">
      <UniqueIdentifier>{ce64db94-8f51-40aa-9302-7618230c284b}</UniqueIdentifier>
    </Filter>
    <Filter Include="Game\Game Elements">
      <UniqueIdentifier>{2602516c-e3ea-474e-863e-b802d97fd6b3}</UniqueIdentifier>
    </Filter>
    <Filter Include="Game\Hierarchy">
      <UniqueIdentifier>{50b31625-5d98-484f-a569-48e0ce12b1d6}</UniqueIdentifier>
    </Filter>
    <Filter Include="Game\Collisions">
      <UniqueIdentifier>{d3e6f5c3-c11d-440f-8270-1abd853a5362}</UniqueIdentifier>
    </Filter>
    <Filter Include="Game\Utilities">
      <UniqueIdentifier>{42d48d73-60f2-4de4-bc48-d91ddf965785}</UniqueIdentifier>
    </Filter>
    <Filter Include="Game\Rendering">
      <UniqueIdentifier>{333650b2-5d70-4bee-ba50-8dc87b857558}</UniqueIdentifier>
    </Filter>
  </ItemGroup>
  <ItemGroup>
    <Text Include="ReadMe.txt">
      <Filter>NextAPI</Filter>
    </Text>
  </ItemGroup>
  <ItemGroup>
    <Image Include="Assets\Test.bmp">
      <Filter>Resource Files</Filter>
    </Image>
  </ItemGroup>
  <ItemGroup>
    <Media Include="Assets\Test.wav">
      <Filter>Resource Files</Filter>
    </Media>
  </ItemGroup>
</Project>